
Microsoft Visual Studio Solution File, Format Version 11.00
# Visual Studio 2010
Project("{8BC9CEB8-8B4A-11D0-8D11-00A0C91BC942}") = "12.14.02", "12.14.02\12.14.02.vcxproj", "{DFFE1C7D-43F1-48E2-8AF4-2B2350C5EE8C}"
EndProject
Global
	GlobalSection(SolutionConfigurationPlatforms) = preSolution
		Debug|Win32 = Debug|Win32
		Release|Win32 = Release|Win32
	EndGlobalSection
	GlobalSection(ProjectConfigurationPlatforms) = postSolution
		{DFFE1C7D-43F1-48E2-8AF4-2B2350C5EE8C}.Debug|Win32.ActiveCfg = Debug|Win32
		{DFFE1C7D-43F1-48E2-8AF4-2B2350C5EE8C}.Debug|Win32.Build.0 = Debug|Win32
		{DFFE1C7D-43F1-48E2-8AF4-2B2350C5EE8C}.Release|Win32.ActiveCfg = Release|Win32
		{DFFE1C7D-43F1-48E2-8AF4-2B2350C5EE8C}.Release|Win32.Build.0 = Release|Win32
	EndGlobalSection
	GlobalSection(SolutionProperties) = preSolution
		HideSolutionNode = FALSE
	EndGlobalSection
EndGlobal
